// !$*UTF8*$!
{
	archiveVersion = 1;
	classes = {
	};
	objectVersion = 46;
	objects = {

/* Begin PBXBuildFile section */
		8843D4F41E6480F10021AA71 /* AppDelegate.swift in Sources */ = {isa = PBXBuildFile; fileRef = 8843D4F31E6480F10021AA71 /* AppDelegate.swift */; };
		8843D4F61E6480F10021AA71 /* ViewController.swift in Sources */ = {isa = PBXBuildFile; fileRef = 8843D4F51E6480F10021AA71 /* ViewController.swift */; };
		8843D4F91E6480F10021AA71 /* Main.storyboard in Resources */ = {isa = PBXBuildFile; fileRef = 8843D4F71E6480F10021AA71 /* Main.storyboard */; };
		8843D4FB1E6480F10021AA71 /* Assets.xcassets in Resources */ = {isa = PBXBuildFile; fileRef = 8843D4FA1E6480F10021AA71 /* Assets.xcassets */; };
		8843D4FE1E6480F10021AA71 /* LaunchScreen.storyboard in Resources */ = {isa = PBXBuildFile; fileRef = 8843D4FC1E6480F10021AA71 /* LaunchScreen.storyboard */; };
		8843D5091E6480F10021AA71 /* TableView_PracticeTests.swift in Sources */ = {isa = PBXBuildFile; fileRef = 8843D5081E6480F10021AA71 /* TableView_PracticeTests.swift */; };
		8843D5141E6480F10021AA71 /* TableView_PracticeUITests.swift in Sources */ = {isa = PBXBuildFile; fileRef = 8843D5131E6480F10021AA71 /* TableView_PracticeUITests.swift */; };
		8843D5221E6487930021AA71 /* Alphabets.swift in Sources */ = {isa = PBXBuildFile; fileRef = 8843D5211E6487930021AA71 /* Alphabets.swift */; };
		8843D5241E64AB2B0021AA71 /* AlphaDisplay.swift in Sources */ = {isa = PBXBuildFile; fileRef = 8843D5231E64AB2B0021AA71 /* AlphaDisplay.swift */; };
/* End PBXBuildFile section */

/* Begin PBXContainerItemProxy section */
		8843D5051E6480F10021AA71 /* PBXContainerItemProxy */ = {
			isa = PBXContainerItemProxy;
			containerPortal = 8843D4E81E6480F10021AA71 /* Project object */;
			proxyType = 1;
			remoteGlobalIDString = 8843D4EF1E6480F10021AA71;
			remoteInfo = "TableView Practice";
		};
		8843D5101E6480F10021AA71 /* PBXContainerItemProxy */ = {
			isa = PBXContainerItemProxy;
			containerPortal = 8843D4E81E6480F10021AA71 /* Project object */;
			proxyType = 1;
			remoteGlobalIDString = 8843D4EF1E6480F10021AA71;
			remoteInfo = "TableView Practice";
		};
/* End PBXContainerItemProxy section */

/* Begin PBXFileReference section */
		8843D4F01E6480F10021AA71 /* TableView Practice.app */ = {isa = PBXFileReference; explicitFileType = wrapper.application; includeInIndex = 0; path = "TableView Practice.app"; sourceTree = BUILT_PRODUCTS_DIR; };
		8843D4F31E6480F10021AA71 /* AppDelegate.swift */ = {isa = PBXFileReference; lastKnownFileType = sourcecode.swift; path = AppDelegate.swift; sourceTree = "<group>"; };
		8843D4F51E6480F10021AA71 /* ViewController.swift */ = {isa = PBXFileReference; lastKnownFileType = sourcecode.swift; path = ViewController.swift; sourceTree = "<group>"; };
		8843D4F81E6480F10021AA71 /* Base */ = {isa = PBXFileReference; lastKnownFileType = file.storyboard; name = Base; path = Base.lproj/Main.storyboard; sourceTree = "<group>"; };
		8843D4FA1E6480F10021AA71 /* Assets.xcassets */ = {isa = PBXFileReference; lastKnownFileType = folder.assetcatalog; path = Assets.xcassets; sourceTree = "<group>"; };
		8843D4FD1E6480F10021AA71 /* Base */ = {isa = PBXFileReference; lastKnownFileType = file.storyboard; name = Base; path = Base.lproj/LaunchScreen.storyboard; sourceTree = "<group>"; };
		8843D4FF1E6480F10021AA71 /* Info.plist */ = {isa = PBXFileReference; lastKnownFileType = text.plist.xml; path = Info.plist; sourceTree = "<group>"; };
		8843D5041E6480F10021AA71 /* TableView PracticeTests.xctest */ = {isa = PBXFileReference; explicitFileType = wrapper.cfbundle; includeInIndex = 0; path = "TableView PracticeTests.xctest"; sourceTree = BUILT_PRODUCTS_DIR; };
		8843D5081E6480F10021AA71 /* TableView_PracticeTests.swift */ = {isa = PBXFileReference; lastKnownFileType = sourcecode.swift; path = TableView_PracticeTests.swift; sourceTree = "<group>"; };
		8843D50A1E6480F10021AA71 /* Info.plist */ = {isa = PBXFileReference; lastKnownFileType = text.plist.xml; path = Info.plist; sourceTree = "<group>"; };
		8843D50F1E6480F10021AA71 /* TableView PracticeUITests.xctest */ = {isa = PBXFileReference; explicitFileType = wrapper.cfbundle; includeInIndex = 0; path = "TableView PracticeUITests.xctest"; sourceTree = BUILT_PRODUCTS_DIR; };
		8843D5131E6480F10021AA71 /* TableView_PracticeUITests.swift */ = {isa = PBXFileReference; lastKnownFileType = sourcecode.swift; path = TableView_PracticeUITests.swift; sourceTree = "<group>"; };
		8843D5151E6480F10021AA71 /* Info.plist */ = {isa = PBXFileReference; lastKnownFileType = text.plist.xml; path = Info.plist; sourceTree = "<group>"; };
		8843D5211E6487930021AA71 /* Alphabets.swift */ = {isa = PBXFileReference; fileEncoding = 4; lastKnownFileType = sourcecode.swift; path = Alphabets.swift; sourceTree = "<group>"; };
		8843D5231E64AB2B0021AA71 /* AlphaDisplay.swift */ = {isa = PBXFileReference; fileEncoding = 4; lastKnownFileType = sourcecode.swift; path = AlphaDisplay.swift; sourceTree = "<group>"; };
/* End PBXFileReference section */

/* Begin PBXFrameworksBuildPhase section */
		8843D4ED1E6480F10021AA71 /* Frameworks */ = {
			isa = PBXFrameworksBuildPhase;
			buildActionMask = 2147483647;
			files = (
			);
			runOnlyForDeploymentPostprocessing = 0;
		};
		8843D5011E6480F10021AA71 /* Frameworks */ = {
			isa = PBXFrameworksBuildPhase;
			buildActionMask = 2147483647;
			files = (
			);
			runOnlyForDeploymentPostprocessing = 0;
		};
		8843D50C1E6480F10021AA71 /* Frameworks */ = {
			isa = PBXFrameworksBuildPhase;
			buildActionMask = 2147483647;
			files = (
			);
			runOnlyForDeploymentPostprocessing = 0;
		};
/* End PBXFrameworksBuildPhase section */

/* Begin PBXGroup section */
		8843D4E71E6480F10021AA71 = {
			isa = PBXGroup;
			children = (
				8843D4F21E6480F10021AA71 /* TableView Practice */,
				8843D5071E6480F10021AA71 /* TableView PracticeTests */,
				8843D5121E6480F10021AA71 /* TableView PracticeUITests */,
				8843D4F11E6480F10021AA71 /* Products */,
			);
			sourceTree = "<group>";
		};
		8843D4F11E6480F10021AA71 /* Products */ = {
			isa = PBXGroup;
			children = (
				8843D4F01E6480F10021AA71 /* TableView Practice.app */,
				8843D5041E6480F10021AA71 /* TableView PracticeTests.xctest */,
				8843D50F1E6480F10021AA71 /* TableView PracticeUITests.xctest */,
			);
			name = Products;
			sourceTree = "<group>";
		};
		8843D4F21E6480F10021AA71 /* TableView Practice */ = {
			isa = PBXGroup;
			children = (
				8843D5211E6487930021AA71 /* Alphabets.swift */,
				8843D4F31E6480F10021AA71 /* AppDelegate.swift */,
				8843D5231E64AB2B0021AA71 /* AlphaDisplay.swift */,
				8843D4F51E6480F10021AA71 /* ViewController.swift */,
				8843D4F71E6480F10021AA71 /* Main.storyboard */,
				8843D4FA1E6480F10021AA71 /* Assets.xcassets */,
				8843D4FC1E6480F10021AA71 /* LaunchScreen.storyboard */,
				8843D4FF1E6480F10021AA71 /* Info.plist */,
			);
			path = "TableView Practice";
			sourceTree = "<group>";
		};
		8843D5071E6480F10021AA71 /* TableView PracticeTests */ = {
			isa = PBXGroup;
			children = (
				8843D5081E6480F10021AA71 /* TableView_PracticeTests.swift */,
				8843D50A1E6480F10021AA71 /* Info.plist */,
			);
			path = "TableView PracticeTests";
			sourceTree = "<group>";
		};
		8843D5121E6480F10021AA71 /* TableView PracticeUITests */ = {
			isa = PBXGroup;
			children = (
				8843D5131E6480F10021AA71 /* TableView_PracticeUITests.swift */,
				8843D5151E6480F10021AA71 /* Info.plist */,
			);
			path = "TableView PracticeUITests";
			sourceTree = "<group>";
		};
/* End PBXGroup section */

/* Begin PBXNativeTarget section */
		8843D4EF1E6480F10021AA71 /* TableView Practice */ = {
			isa = PBXNativeTarget;
			buildConfigurationList = 8843D5181E6480F10021AA71 /* Build configuration list for PBXNativeTarget "TableView Practice" */;
			buildPhases = (
				8843D4EC1E6480F10021AA71 /* Sources */,
				8843D4ED1E6480F10021AA71 /* Frameworks */,
				8843D4EE1E6480F10021AA71 /* Resources */,
			);
			buildRules = (
			);
			dependencies = (
			);
			name = "TableView Practice";
			productName = "TableView Practice";
			productReference = 8843D4F01E6480F10021AA71 /* TableView Practice.app */;
			productType = "com.apple.product-type.application";
		};
		8843D5031E6480F10021AA71 /* TableView PracticeTests */ = {
			isa = PBXNativeTarget;
			buildConfigurationList = 8843D51B1E6480F10021AA71 /* Build configuration list for PBXNativeTarget "TableView PracticeTests" */;
			buildPhases = (
				8843D5001E6480F10021AA71 /* Sources */,
				8843D5011E6480F10021AA71 /* Frameworks */,
				8843D5021E6480F10021AA71 /* Resources */,
			);
			buildRules = (
			);
			dependencies = (
				8843D5061E6480F10021AA71 /* PBXTargetDependency */,
			);
			name = "TableView PracticeTests";
			productName = "TableView PracticeTests";
			productReference = 8843D5041E6480F10021AA71 /* TableView PracticeTests.xctest */;
			productType = "com.apple.product-type.bundle.unit-test";
		};
		8843D50E1E6480F10021AA71 /* TableView PracticeUITests */ = {
			isa = PBXNativeTarget;
			buildConfigurationList = 8843D51E1E6480F10021AA71 /* Build configuration list for PBXNativeTarget "TableView PracticeUITests" */;
			buildPhases = (
				8843D50B1E6480F10021AA71 /* Sources */,
				8843D50C1E6480F10021AA71 /* Frameworks */,
				8843D50D1E6480F10021AA71 /* Resources */,
			);
			buildRules = (
			);
			dependencies = (
				8843D5111E6480F10021AA71 /* PBXTargetDependency */,
			);
			name = "TableView PracticeUITests";
			productName = "TableView PracticeUITests";
			productReference = 8843D50F1E6480F10021AA71 /* TableView PracticeUITests.xctest */;
			productType = "com.apple.product-type.bundle.ui-testing";
		};
/* End PBXNativeTarget section */

/* Begin PBXProject section */
		8843D4E81E6480F10021AA71 /* Project object */ = {
			isa = PBXProject;
			attributes = {
				LastSwiftUpdateCheck = 0820;
				LastUpgradeCheck = 0820;
				ORGANIZATIONNAME = "Dawn Trigger Entertainment";
				TargetAttributes = {
					8843D4EF1E6480F10021AA71 = {
						CreatedOnToolsVersion = 8.2.1;
						DevelopmentTeam = H7DR849HVE;
						ProvisioningStyle = Automatic;
					};
					8843D5031E6480F10021AA71 = {
						CreatedOnToolsVersion = 8.2.1;
						DevelopmentTeam = H7DR849HVE;
						ProvisioningStyle = Automatic;
						TestTargetID = 8843D4EF1E6480F10021AA71;
					};
					8843D50E1E6480F10021AA71 = {
						CreatedOnToolsVersion = 8.2.1;
						DevelopmentTeam = H7DR849HVE;
						ProvisioningStyle = Automatic;
						TestTargetID = 8843D4EF1E6480F10021AA71;
					};
				};
			};
			buildConfigurationList = 8843D4EB1E6480F10021AA71 /* Build configuration list for PBXProject "TableView Practice" */;
			compatibilityVersion = "Xcode 3.2";
			developmentRegion = English;
			hasScannedForEncodings = 0;
			knownRegions = (
				en,
				Base,
			);
			mainGroup = 8843D4E71E6480F10021AA71;
			productRefGroup = 8843D4F11E6480F10021AA71 /* Products */;
			projectDirPath = "";
			projectRoot = "";
			targets = (
				8843D4EF1E6480F10021AA71 /* TableView Practice */,
				8843D5031E6480F10021AA71 /* TableView PracticeTests */,
				8843D50E1E6480F10021AA71 /* TableView PracticeUITests */,
			);
		};
/* End PBXProject section */

/* Begin PBXResourcesBuildPhase section */
		8843D4EE1E6480F10021AA71 /* Resources */ = {
			isa = PBXResourcesBuildPhase;
			buildActionMask = 2147483647;
			files = (
				8843D4FE1E6480F10021AA71 /* LaunchScreen.storyboard in Resources */,
				8843D4FB1E6480F10021AA71 /* Assets.xcassets in Resources */,
				8843D4F91E6480F10021AA71 /* Main.storyboard in Resources */,
			);
			runOnlyForDeploymentPostprocessing = 0;
		};
		8843D5021E6480F10021AA71 /* Resources */ = {
			isa = PBXResourcesBuildPhase;
			buildActionMask = 2147483647;
			files = (
			);
			runOnlyForDeploymentPostprocessing = 0;
		};
		8843D50D1E6480F10021AA71 /* Resources */ = {
			isa = PBXResourcesBuildPhase;
			buildActionMask = 2147483647;
			files = (
			);
			runOnlyForDeploymentPostprocessing = 0;
		};
/* End PBXResourcesBuildPhase section */

/* Begin PBXSourcesBuildPhase section */
		8843D4EC1E6480F10021AA71 /* Sources */ = {
			isa = PBXSourcesBuildPhase;
			buildActionMask = 2147483647;
			files = (
				8843D4F61E6480F10021AA71 /* ViewController.swift in Sources */,
				8843D5241E64AB2B0021AA71 /* AlphaDisplay.swift in Sources */,
				8843D5221E6487930021AA71 /* Alphabets.swift in Sources */,
				8843D4F41E6480F10021AA71 /* AppDelegate.swift in Sources */,
			);
			runOnlyForDeploymentPostprocessing = 0;
		};
		8843D5001E6480F10021AA71 /* Sources */ = {
			isa = PBXSourcesBuildPhase;
			buildActionMask = 2147483647;
			files = (
				8843D5091E6480F10021AA71 /* TableView_PracticeTests.swift in Sources */,
			);
			runOnlyForDeploymentPostprocessing = 0;
		};
		8843D50B1E6480F10021AA71 /* Sources */ = {
			isa = PBXSourcesBuildPhase;
			buildActionMask = 2147483647;
			files = (
				8843D5141E6480F10021AA71 /* TableView_PracticeUITests.swift in Sources */,
			);
			runOnlyForDeploymentPostprocessing = 0;
		};
/* End PBXSourcesBuildPhase section */

/* Begin PBXTargetDependency section */
		8843D5061E6480F10021AA71 /* PBXTargetDependency */ = {
			isa = PBXTargetDependency;
			target = 8843D4EF1E6480F10021AA71 /* TableView Practice */;
			targetProxy = 8843D5051E6480F10021AA71 /* PBXContainerItemProxy */;
		};
		8843D5111E6480F10021AA71 /* PBXTargetDependency */ = {
			isa = PBXTargetDependency;
			target = 8843D4EF1E6480F10021AA71 /* TableView Practice */;
			targetProxy = 8843D5101E6480F10021AA71 /* PBXContainerItemProxy */;
		};
/* End PBXTargetDependency section */

/* Begin PBXVariantGroup section */
		8843D4F71E6480F10021AA71 /* Main.storyboard */ = {
			isa = PBXVariantGroup;
			children = (
				8843D4F81E6480F10021AA71 /* Base */,
			);
			name = Main.storyboard;
			sourceTree = "<group>";
		};
		8843D4FC1E6480F10021AA71 /* LaunchScreen.storyboard */ = {
			isa = PBXVariantGroup;
			children = (
				8843D4FD1E6480F10021AA71 /* Base */,
			);
			name = LaunchScreen.storyboard;
			sourceTree = "<group>";
		};
/* End PBXVariantGroup section */

/* Begin XCBuildConfiguration section */
		8843D5161E6480F10021AA71 /* Debug */ = {
			isa = XCBuildConfiguration;
			buildSettings = {
				ALWAYS_SEARCH_USER_PATHS = NO;
				CLANG_ANALYZER_NONNULL = YES;
				CLANG_CXX_LANGUAGE_STANDARD = "gnu++0x";
				CLANG_CXX_LIBRARY = "libc++";
				CLANG_ENABLE_MODULES = YES;
				CLANG_ENABLE_OBJC_ARC = YES;
				CLANG_WARN_BOOL_CONVERSION = YES;
				CLANG_WARN_CONSTANT_CONVERSION = YES;
				CLANG_WARN_DIRECT_OBJC_ISA_USAGE = YES_ERROR;
				CLANG_WARN_DOCUMENTATION_COMMENTS = YES;
				CLANG_WARN_EMPTY_BODY = YES;
				CLANG_WARN_ENUM_CONVERSION = YES;
				CLANG_WARN_INFINITE_RECURSION = YES;
				CLANG_WARN_INT_CONVERSION = YES;
				CLANG_WARN_OBJC_ROOT_CLASS = YES_ERROR;
				CLANG_WARN_SUSPICIOUS_MOVE = YES;
				CLANG_WARN_UNREACHABLE_CODE = YES;
				CLANG_WARN__DUPLICATE_METHOD_MATCH = YES;
				"CODE_SIGN_IDENTITY[sdk=iphoneos*]" = "iPhone Developer";
				COPY_PHASE_STRIP = NO;
				DEBUG_INFORMATION_FORMAT = dwarf;
				ENABLE_STRICT_OBJC_MSGSEND = YES;
				ENABLE_TESTABILITY = YES;
				GCC_C_LANGUAGE_STANDARD = gnu99;
				GCC_DYNAMIC_NO_PIC = NO;
				GCC_NO_COMMON_BLOCKS = YES;
				GCC_OPTIMIZATION_LEVEL = 0;
				GCC_PREPROCESSOR_DEFINITIONS = (
					"DEBUG=1",
					"$(inherited)",
				);
				GCC_WARN_64_TO_32_BIT_CONVERSION = YES;
				GCC_WARN_ABOUT_RETURN_TYPE = YES_ERROR;
				GCC_WARN_UNDECLARED_SELECTOR = YES;
				GCC_WARN_UNINITIALIZED_AUTOS = YES_AGGRESSIVE;
				GCC_WARN_UNUSED_FUNCTION = YES;
				GCC_WARN_UNUSED_VARIABLE = YES;
				IPHONEOS_DEPLOYMENT_TARGET = 10.2;
				MTL_ENABLE_DEBUG_INFO = YES;
				ONLY_ACTIVE_ARCH = YES;
				SDKROOT = iphoneos;
				SWIFT_ACTIVE_COMPILATION_CONDITIONS = DEBUG;
				SWIFT_OPTIMIZATION_LEVEL = "-Onone";
				TARGETED_DEVICE_FAMILY = "1,2";
			};
			name = Debug;
		};
		8843D5171E6480F10021AA71 /* Release */ = {
			isa = XCBuildConfiguration;
			buildSettings = {
				ALWAYS_SEARCH_USER_PATHS = NO;
				CLANG_ANALYZER_NONNULL = YES;
				CLANG_CXX_LANGUAGE_STANDARD = "gnu++0x";
				CLANG_CXX_LIBRARY = "libc++";
				CLANG_ENABLE_MODULES = YES;
				CLANG_ENABLE_OBJC_ARC = YES;
				CLANG_WARN_BOOL_CONVERSION = YES;
				CLANG_WARN_CONSTANT_CONVERSION = YES;
				CLANG_WARN_DIRECT_OBJC_ISA_USAGE = YES_ERROR;
				CLANG_WARN_DOCUMENTATION_COMMENTS = YES;
				CLANG_WARN_EMPTY_BODY = YES;
				CLANG_WARN_ENUM_CONVERSION = YES;
				CLANG_WARN_INFINITE_RECURSION = YES;
				CLANG_WARN_INT_CONVERSION = YES;
				CLANG_WARN_OBJC_ROOT_CLASS = YES_ERROR;
				CLANG_WARN_SUSPICIOUS_MOVE = YES;
				CLANG_WARN_UNREACHABLE_CODE = YES;
				CLANG_WARN__DUPLICATE_METHOD_MATCH = YES;
				"CODE_SIGN_IDENTITY[sdk=iphoneos*]" = "iPhone Developer";
				COPY_PHASE_STRIP = NO;
				DEBUG_INFORMATION_FORMAT = "dwarf-with-dsym";
				ENABLE_NS_ASSERTIONS = NO;
				ENABLE_STRICT_OBJC_MSGSEND = YES;
				GCC_C_LANGUAGE_STANDARD = gnu99;
				GCC_NO_COMMON_BLOCKS = YES;
				GCC_WARN_64_TO_32_BIT_CONVERSION = YES;
				GCC_WARN_ABOUT_RETURN_TYPE = YES_ERROR;
				GCC_WARN_UNDECLARED_SELECTOR = YES;
				GCC_WARN_UNINITIALIZED_AUTOS = YES_AGGRESSIVE;
				GCC_WARN_UNUSED_FUNCTION = YES;
				GCC_WARN_UNUSED_VARIABLE = YES;
				IPHONEOS_DEPLOYMENT_TARGET = 10.2;
				MTL_ENABLE_DEBUG_INFO = NO;
				SDKROOT = iphoneos;
				SWIFT_OPTIMIZATION_LEVEL = "-Owholemodule";
				TARGETED_DEVICE_FAMILY = "1,2";
				VALIDATE_PRODUCT = YES;
			};
			name = Release;
		};
		8843D5191E6480F10021AA71 /* Debug */ = {
			isa = XCBuildConfiguration;
			buildSettings = {
				ASSETCATALOG_COMPILER_APPICON_NAME = AppIcon;
				DEVELOPMENT_TEAM = H7DR849HVE;
				INFOPLIST_FILE = "TableView Practice/Info.plist";
				LD_RUNPATH_SEARCH_PATHS = "$(inherited) @executable_path/Frameworks";
				PRODUCT_BUNDLE_IDENTIFIER = "dte.TableView-Practice";
				PRODUCT_NAME = "$(TARGET_NAME)";
				SWIFT_VERSION = 3.0;
			};
			name = Debug;
		};
		8843D51A1E6480F10021AA71 /* Release */ = {
			isa = XCBuildConfiguration;
			buildSettings = {
				ASSETCATALOG_COMPILER_APPICON_NAME = AppIcon;
				DEVELOPMENT_TEAM = H7DR849HVE;
				INFOPLIST_FILE = "TableView Practice/Info.plist";
				LD_RUNPATH_SEARCH_PATHS = "$(inherited) @executable_path/Frameworks";
				PRODUCT_BUNDLE_IDENTIFIER = "dte.TableView-Practice";
				PRODUCT_NAME = "$(TARGET_NAME)";
				SWIFT_VERSION = 3.0;
			};
			name = Release;
		};
		8843D51C1E6480F10021AA71 /* Debug */ = {
			isa = XCBuildConfiguration;
			buildSettings = {
				ALWAYS_EMBED_SWIFT_STANDARD_LIBRARIES = YES;
				BUNDLE_LOADER = "$(TEST_HOST)";
				DEVELOPMENT_TEAM = H7DR849HVE;
				INFOPLIST_FILE = "TableView PracticeTests/Info.plist";
				LD_RUNPATH_SEARCH_PATHS = "$(inherited) @executable_path/Frameworks @loader_path/Frameworks";
				PRODUCT_BUNDLE_IDENTIFIER = "dte.TableView-PracticeTests";
				PRODUCT_NAME = "$(TARGET_NAME)";
				SWIFT_VERSION = 3.0;
				TEST_HOST = "$(BUILT_PRODUCTS_DIR)/TableView Practice.app/TableView Practice";
			};
			name = Debug;
		};
		8843D51D1E6480F10021AA71 /* Release */ = {
			isa = XCBuildConfiguration;
			buildSettings = {
				ALWAYS_EMBED_SWIFT_STANDARD_LIBRARIES = YES;
				BUNDLE_LOADER = "$(TEST_HOST)";
				DEVELOPMENT_TEAM = H7DR849HVE;
				INFOPLIST_FILE = "TableView PracticeTests/Info.plist";
				LD_RUNPATH_SEARCH_PATHS = "$(inherited) @executable_path/Frameworks @loader_path/Frameworks";
				PRODUCT_BUNDLE_IDENTIFIER = "dte.TableView-PracticeTests";
				PRODUCT_NAME = "$(TARGET_NAME)";
				SWIFT_VERSION = 3.0;
				TEST_HOST = "$(BUILT_PRODUCTS_DIR)/TableView Practice.app/TableView Practice";
			};
			name = Release;
		};
		8843D51F1E6480F10021AA71 /* Debug */ = {
			isa = XCBuildConfiguration;
			buildSettings = {
				ALWAYS_EMBED_SWIFT_STANDARD_LIBRARIES = YES;
				DEVELOPMENT_TEAM = H7DR849HVE;
				INFOPLIST_FILE = "TableView PracticeUITests/Info.plist";
				LD_RUNPATH_SEARCH_PATHS = "$(inherited) @executable_path/Frameworks @loader_path/Frameworks";
				PRODUCT_BUNDLE_IDENTIFIER = "dte.TableView-PracticeUITests";
				PRODUCT_NAME = "$(TARGET_NAME)";
				SWIFT_VERSION = 3.0;
				TEST_TARGET_NAME = "TableView Practice";
			};
			name = Debug;
		};
		8843D5201E6480F10021AA71 /* Release */ = {
			isa = XCBuildConfiguration;
			buildSettings = {
				ALWAYS_EMBED_SWIFT_STANDARD_LIBRARIES = YES;
				DEVELOPMENT_TEAM = H7DR849HVE;
				INFOPLIST_FILE = "TableView PracticeUITests/Info.plist";
				LD_RUNPATH_SEARCH_PATHS = "$(inherited) @executable_path/Frameworks @loader_path/Frameworks";
				PRODUCT_BUNDLE_IDENTIFIER = "dte.TableView-PracticeUITests";
				PRODUCT_NAME = "$(TARGET_NAME)";
				SWIFT_VERSION = 3.0;
				TEST_TARGET_NAME = "TableView Practice";
			};
			name = Release;
		};
/* End XCBuildConfiguration section */

/* Begin XCConfigurationList section */
		8843D4EB1E6480F10021AA71 /* Build configuration list for PBXProject "TableView Practice" */ = {
			isa = XCConfigurationList;
			buildConfigurations = (
				8843D5161E6480F10021AA71 /* Debug */,
				8843D5171E6480F10021AA71 /* Release */,
			);
			defaultConfigurationIsVisible = 0;
			defaultConfigurationName = Release;
		};
		8843D5181E6480F10021AA71 /* Build configuration list for PBXNativeTarget "TableView Practice" */ = {
			isa = XCConfigurationList;
			buildConfigurations = (
				8843D5191E6480F10021AA71 /* Debug */,
				8843D51A1E6480F10021AA71 /* Release */,
			);
			defaultConfigurationIsVisible = 0;
		};
		8843D51B1E6480F10021AA71 /* Build configuration list for PBXNativeTarget "TableView PracticeTests" */ = {
			isa = XCConfigurationList;
			buildConfigurations = (
				8843D51C1E6480F10021AA71 /* Debug */,
				8843D51D1E6480F10021AA71 /* Release */,
			);
			defaultConfigurationIsVisible = 0;
		};
		8843D51E1E6480F10021AA71 /* Build configuration list for PBXNativeTarget "TableView PracticeUITests" */ = {
			isa = XCConfigurationList;
			buildConfigurations = (
				8843D51F1E6480F10021AA71 /* Debug */,
				8843D5201E6480F10021AA71 /* Release */,
			);
			defaultConfigurationIsVisible = 0;
		};
/* End XCConfigurationList section */
	};
	rootObject = 8843D4E81E6480F10021AA71 /* Project object */;
}
